// !$*UTF8*$!
{
	archiveVersion = 1;
	classes = {
	};
	objectVersion = 77;
	objects = {

/* Begin PBXBuildFile section */
		0048F8CAF3282E266F1DCFD6 /* ScriptingPlayerProvider.swift in Sources */ = {isa = PBXBuildFile; fileRef = DEEF6C27C54A65CDABBB5963 /* ScriptingPlayerProvider.swift */; };
		09576D6CEE3A261FA5F53754 /* SidebarHitAlignmentTests.swift in Sources */ = {isa = PBXBuildFile; fileRef = 88B802539C701481562FDF1F /* SidebarHitAlignmentTests.swift */; };
		09699F6DF58A997AD36276F0 /* MediaRemoteAdapter.framework in Embed Frameworks */ = {isa = PBXBuildFile; fileRef = A2C10F4DE2DA0B6B1288B8B6 /* MediaRemoteAdapter.framework */; settings = {ATTRIBUTES = (RemoveHeadersOnCopy, ); }; };
		0C8C0D77F20BFBBC20CB3E27 /* mediaremote-adapter.pl in Resources */ = {isa = PBXBuildFile; fileRef = ECCBAC8083F4C4ADC18EBF15 /* mediaremote-adapter.pl */; };
		1116A4CBE0683E1F3EDE3781 /* MediaTimeFormatter.swift in Sources */ = {isa = PBXBuildFile; fileRef = 562801A55EE50D0C76365495 /* MediaTimeFormatter.swift */; };
		1C3376E526E1DC50D7EF67DA /* ClipboardHistoryTests.swift in Sources */ = {isa = PBXBuildFile; fileRef = CCEF206BE7C87ABDC5152E4D /* ClipboardHistoryTests.swift */; };
		1DE775471D061D7CD0F7515C /* ClipboardEntry.swift in Sources */ = {isa = PBXBuildFile; fileRef = 70C805644EFFA48EDEC089A4 /* ClipboardEntry.swift */; };
		1F332F78D9DD25F4369F80E9 /* AgentHookInstaller.swift in Sources */ = {isa = PBXBuildFile; fileRef = 91508EEEC0052E2889A620E1 /* AgentHookInstaller.swift */; };
		24723C24292B7E80C6343EBE /* CodexLocalProviderTests.swift in Sources */ = {isa = PBXBuildFile; fileRef = AD084CDF8682851C7B089003 /* CodexLocalProviderTests.swift */; };
		26EDE1224356961ECA350672 /* LocalizationTests.swift in Sources */ = {isa = PBXBuildFile; fileRef = 7CD03347D4276C077C31AE75 /* LocalizationTests.swift */; };
		273C56A2C565E04B298AEAF6 /* NowPlayingArbiter.swift in Sources */ = {isa = PBXBuildFile; fileRef = E2EF24E5A66CAFB24B41B6A1 /* NowPlayingArbiter.swift */; };
		2BEACFFB791321359981444E /* ScreenshotBuffer.swift in Sources */ = {isa = PBXBuildFile; fileRef = 931CF95A7034F999354B4CA2 /* ScreenshotBuffer.swift */; };
		2E7B0C54BF5ACDB60271EA3C /* IslandState.swift in Sources */ = {isa = PBXBuildFile; fileRef = 7BB6C61BB65478DBEE84DD32 /* IslandState.swift */; };
		2F8B72F4069FB7156E62A5B2 /* AttentionStoreTests.swift in Sources */ = {isa = PBXBuildFile; fileRef = EEFF828D9B31B666A16CEB36 /* AttentionStoreTests.swift */; };
		3597872EB5A1D3188B40FF43 /* AgentMonitorView.swift in Sources */ = {isa = PBXBuildFile; fileRef = 160845716973AC8225557AC1 /* AgentMonitorView.swift */; };
		36B196090BED1C36652F0050 /* Constants.swift in Sources */ = {isa = PBXBuildFile; fileRef = 7390018D5C0BF8DB1A1FA9DE /* Constants.swift */; };
		376E9E6B53145975BD9E6F6F /* AppIcon.icns in Resources */ = {isa = PBXBuildFile; fileRef = 1F4AF0923FBEC645DFA96F10 /* AppIcon.icns */; };
		37EFBD290C0459F5C59D149C /* SystemTimerController.swift in Sources */ = {isa = PBXBuildFile; fileRef = 395E576B956BDFD58FB0B935 /* SystemTimerController.swift */; };
		398CE6C32A437CF53B4B55D2 /* ClipboardImageMonitor.swift in Sources */ = {isa = PBXBuildFile; fileRef = 3212EBE467A661D9B6C0B3DF /* ClipboardImageMonitor.swift */; };
		3AABDE13A2CF2CD1AC848FF5 /* ScreenshotItem.swift in Sources */ = {isa = PBXBuildFile; fileRef = EE8F9C2B791188DA6D74F53A /* ScreenshotItem.swift */; };
		445C71534BBB7880AF2E375A /* AgentSessionActions.swift in Sources */ = {isa = PBXBuildFile; fileRef = 966BAC17AF0D295039529AFC /* AgentSessionActions.swift */; };
		46AA34DD9E55D32B47027ED8 /* BrowserMediaState.swift in Sources */ = {isa = PBXBuildFile; fileRef = 773E0DAE1E7562565E986EC7 /* BrowserMediaState.swift */; };
		4915C9EDD4B67E16FE958504 /* AppLanguageManager.swift in Sources */ = {isa = PBXBuildFile; fileRef = 8C4D77AC9E97FB79BF75E758 /* AppLanguageManager.swift */; };
		4964A8E0B7BFCD2A5AC90235 /* NotchGeometryProvider.swift in Sources */ = {isa = PBXBuildFile; fileRef = F25D4683065D8AE0C258723B /* NotchGeometryProvider.swift */; };
		49FEBED882A69B7B936F2E2B /* TimerChipView.swift in Sources */ = {isa = PBXBuildFile; fileRef = 6141BC8ED28956AC0531BB7A /* TimerChipView.swift */; };
		4ADED0EFDCE2060BF448B6D9 /* NowPlayingArtworkMemory.swift in Sources */ = {isa = PBXBuildFile; fileRef = 84B47D5C8EABD474051A7F4B /* NowPlayingArtworkMemory.swift */; };
		4BBA055BE3A949DA7BD3FE32 /* CodexLocalSessionProvider.swift in Sources */ = {isa = PBXBuildFile; fileRef = CF8102A2B47212F4D4BB8FB4 /* CodexLocalSessionProvider.swift */; };
		5489C2D92A773FBE7787F46B /* ClipboardHistoryStore.swift in Sources */ = {isa = PBXBuildFile; fileRef = 3F9DA08E29A6C80A42A0B797 /* ClipboardHistoryStore.swift */; };
		54A421AC32E2FE8D58881E49 /* ClipboardHistoryMonitor.swift in Sources */ = {isa = PBXBuildFile; fileRef = 3DD87634E912916C9CB302D4 /* ClipboardHistoryMonitor.swift */; };
		553579DD139F755BA0AF87BD /* main.swift in Sources */ = {isa = PBXBuildFile; fileRef = EB21F03E70935E0D72BC455E /* main.swift */; };
		5824326107A94EA6F1C4ADD9 /* NowPlayingState.swift in Sources */ = {isa = PBXBuildFile; fileRef = 412B6889756103C291838FA1 /* NowPlayingState.swift */; };
		595F3C749274DCC8176CAD10 /* ClipboardHistoryView.swift in Sources */ = {isa = PBXBuildFile; fileRef = B76CC362D3C9F04E114F98A8 /* ClipboardHistoryView.swift */; };
		5C4AE2A242D7F8BE5C3AEDFD /* IslandSidebar.swift in Sources */ = {isa = PBXBuildFile; fileRef = 0F8DDD176CC9A052A03D5029 /* IslandSidebar.swift */; };
		5E5C8FA5FC71ED0CA7CA1A2F /* NotchGeometryTests.swift in Sources */ = {isa = PBXBuildFile; fileRef = A039260E1592B7879003E02C /* NotchGeometryTests.swift */; };
		5E9C529D0B78DCB8580CE4CA /* ScreenshotDirectoryMonitor.swift in Sources */ = {isa = PBXBuildFile; fileRef = 20A02AC28791AEE5B87CE8C1 /* ScreenshotDirectoryMonitor.swift */; };
		63BF9BB32D6FB824059AC12D /* NotchShape.swift in Sources */ = {isa = PBXBuildFile; fileRef = AD49CC95E49AC39C310C4FFB /* NotchShape.swift */; };
		681A51121CBA4DAEE9733F07 /* NowPlayingArbiterTests.swift in Sources */ = {isa = PBXBuildFile; fileRef = A7387F03769A95F1D25872DC /* NowPlayingArbiterTests.swift */; };
		6847C748F8A39C8C78B02BAA /* NowPlayingCoordinator.swift in Sources */ = {isa = PBXBuildFile; fileRef = 96333B43336A192CA6F3F771 /* NowPlayingCoordinator.swift */; };
		6A0BF0D95F7553D8221FC49E /* AgentActionsTests.swift in Sources */ = {isa = PBXBuildFile; fileRef = DC3570A3946C950ED0E869A8 /* AgentActionsTests.swift */; };
		6DFA285164C77AFA5E5D76FA /* ModuleButton.swift in Sources */ = {isa = PBXBuildFile; fileRef = 6822D5545D48645A9B224EB9 /* ModuleButton.swift */; };
		716CE89C9FCA395818B8C9B0 /* PersonalIslandApp.swift in Sources */ = {isa = PBXBuildFile; fileRef = 2BF3FAC982606BEFEA1A3522 /* PersonalIslandApp.swift */; };
		7351F338A9B62C771D6BCB6B /* AgentProviderIconResolver.swift in Sources */ = {isa = PBXBuildFile; fileRef = 686B0922BC6346FAEF3C77D8 /* AgentProviderIconResolver.swift */; };
		760F008A49E903A2DDA48D17 /* SmokeTests.swift in Sources */ = {isa = PBXBuildFile; fileRef = 48B6843701789644871251AA /* SmokeTests.swift */; };
		7C4973BB89FBF64D79B1E787 /* NowPlayingArtworkMemoryTests.swift in Sources */ = {isa = PBXBuildFile; fileRef = FAA6C0BE500E084C17DA0E46 /* NowPlayingArtworkMemoryTests.swift */; };
		7FCD58A07D27E11FE37DFAE3 /* AttentionCenterView.swift in Sources */ = {isa = PBXBuildFile; fileRef = 2A138833916430A3CFF5CAD5 /* AttentionCenterView.swift */; };
		7FF022C9367649A3218406AE /* ScreenshotBufferTests.swift in Sources */ = {isa = PBXBuildFile; fileRef = 832E1262072C16D4BF3A433C /* ScreenshotBufferTests.swift */; };
		8444911270C3C3417D1D8E8D /* AgentEventReceiver.swift in Sources */ = {isa = PBXBuildFile; fileRef = 58571834CB4FB9699FB8ECB3 /* AgentEventReceiver.swift */; };
		87BE911FB1198EACE6D34C20 /* ArcBrowserNowPlayingProvider.swift in Sources */ = {isa = PBXBuildFile; fileRef = 604C7A455334579AF4424705 /* ArcBrowserNowPlayingProvider.swift */; };
		88E12364F31BD46773664C6C /* AgentWire.swift in Sources */ = {isa = PBXBuildFile; fileRef = 04353C10756A0BC848D6047F /* AgentWire.swift */; };
		8BE2430CB40F4193F36EA5D4 /* MediaRemoteAdapterTestClient in Resources */ = {isa = PBXBuildFile; fileRef = 92886647D2E593426068F988 /* MediaRemoteAdapterTestClient */; };
		8DD0A5D3107A2EBBDF81023C /* ScreenshotBufferViewModel.swift in Sources */ = {isa = PBXBuildFile; fileRef = BE66A875BD71426B6919808E /* ScreenshotBufferViewModel.swift */; };
		8F7A0568DA81B6088BA2DC11 /* SystemTimerTests.swift in Sources */ = {isa = PBXBuildFile; fileRef = 1B081DCE87AC103CB280A0ED /* SystemTimerTests.swift */; };
		93B8D644A02C3891A8CA9A08 /* AgentWire.swift in Sources */ = {isa = PBXBuildFile; fileRef = 04353C10756A0BC848D6047F /* AgentWire.swift */; };
		9490A84D346B4CCD916B9DE3 /* AppState.swift in Sources */ = {isa = PBXBuildFile; fileRef = DAEA6868BA2472A960739434 /* AppState.swift */; };
		98971FC055A47CF45581F6CF /* IslandRootView.swift in Sources */ = {isa = PBXBuildFile; fileRef = F8386C0FF7C82CCADE99EAE1 /* IslandRootView.swift */; };
		996D738C3FAD9C8E71176FDA /* IslandContainer.swift in Sources */ = {isa = PBXBuildFile; fileRef = A75CFB091AE857EC44951A2D /* IslandContainer.swift */; };
		998C708CE6E33B4A8503375E /* AppUpdater.swift in Sources */ = {isa = PBXBuildFile; fileRef = 1271E2DB2EE80149BBDE4D96 /* AppUpdater.swift */; };
		99CEB3E15B4710AD2E5DD0B9 /* AttentionPersistence.swift in Sources */ = {isa = PBXBuildFile; fileRef = 56E5514E3204F276230079E8 /* AttentionPersistence.swift */; };
		9A71CBAD1ED8AEA7E3982724 /* MediaTimeFormatterTests.swift in Sources */ = {isa = PBXBuildFile; fileRef = 46F279889508523EB0020A30 /* MediaTimeFormatterTests.swift */; };
		9E34FB3281FDA8ECF6368389 /* IslandPanel.swift in Sources */ = {isa = PBXBuildFile; fileRef = 6A4DC2BBBEDFDC10B710F8A7 /* IslandPanel.swift */; };
		A7A4F47A4B7CE54A797F7BC6 /* NotchSpaceManager.swift in Sources */ = {isa = PBXBuildFile; fileRef = 10CDC3ED8890184772C64D57 /* NotchSpaceManager.swift */; };
		AD2C14F2CB9FCFAACC5AEC25 /* NowPlayingViewModel.swift in Sources */ = {isa = PBXBuildFile; fileRef = F33143002BE94E2F0D6D53E5 /* NowPlayingViewModel.swift */; };
		AD7D6A14FC55E0EE3001E6C0 /* AgentCompactStatusView.swift in Sources */ = {isa = PBXBuildFile; fileRef = CE688FF5C4DE636AB8489A81 /* AgentCompactStatusView.swift */; };
		B01BA9AFAF7594259CC042C9 /* BrowserMediaTests.swift in Sources */ = {isa = PBXBuildFile; fileRef = F82EDB2A2FB130BABC70A2DF /* BrowserMediaTests.swift */; };
		B05FD20A7F4DF40CC444721B /* AgentActionMenuButton.swift in Sources */ = {isa = PBXBuildFile; fileRef = 0D4D58586908CBB58887FA52 /* AgentActionMenuButton.swift */; };
		B141798E30315CE5C2D1EE4A /* NowPlayingMappingTests.swift in Sources */ = {isa = PBXBuildFile; fileRef = F0B57E2448D2ECEB4C0203D8 /* NowPlayingMappingTests.swift */; };
		B1B6E581859540B8A8C3F180 /* SystemTimerModel.swift in Sources */ = {isa = PBXBuildFile; fileRef = 30382353245952C47E228258 /* SystemTimerModel.swift */; };
		B47155BF2F0404C5E1EA7C40 /* AgentBridgeTests.swift in Sources */ = {isa = PBXBuildFile; fileRef = 3AFEFB80497AF4D30DC80AD6 /* AgentBridgeTests.swift */; };
		B677D812ABC0262CECADD8D1 /* AgentSession.swift in Sources */ = {isa = PBXBuildFile; fileRef = 8BFE4B23D76406B9785241DD /* AgentSession.swift */; };
		B726BCBC2DD6E59DF241D3D9 /* AgentActivityFormatter.swift in Sources */ = {isa = PBXBuildFile; fileRef = D7D4058E7E6F1728ECA095E6 /* AgentActivityFormatter.swift */; };
		BBB2F295D966019B7086231F /* ScreenshotCardInteraction.swift in Sources */ = {isa = PBXBuildFile; fileRef = 37C5F36E5DA356ECE5135ADC /* ScreenshotCardInteraction.swift */; };
		BBF78A29902FF989642B811E /* OnboardingController.swift in Sources */ = {isa = PBXBuildFile; fileRef = 172B742D7F41C4AF4C4372D6 /* OnboardingController.swift */; };
		BE324519F16A547E103ED525 /* AppDelegate.swift in Sources */ = {isa = PBXBuildFile; fileRef = 6F24EE472D466F25063729E3 /* AppDelegate.swift */; };
		C198E3B8A0D627BFF9154B07 /* AppSettingsTests.swift in Sources */ = {isa = PBXBuildFile; fileRef = 57FB88BF9B3E75D57143F7B0 /* AppSettingsTests.swift */; };
		C1CED32DBFC47AC551AAB708 /* AttentionModel.swift in Sources */ = {isa = PBXBuildFile; fileRef = 1FEF7A5058C7B5ACF4DAA964 /* AttentionModel.swift */; };
		C2943A226784AC635F893D0D /* MediaRemoteAdapterProvider.swift in Sources */ = {isa = PBXBuildFile; fileRef = 21914DC191D2854AAD1CAFA0 /* MediaRemoteAdapterProvider.swift */; };
		C333C3EB304B4119E1B1D840 /* ScreenshotDragPayloadBuilder.swift in Sources */ = {isa = PBXBuildFile; fileRef = 593685BFD2EADEE48BBAECBB /* ScreenshotDragPayloadBuilder.swift */; };
		C37595A4B35D037313BC04EF /* Localizable.xcstrings in Resources */ = {isa = PBXBuildFile; fileRef = 4A1032DE6827B418174BED40 /* Localizable.xcstrings */; };
		C3A7A5F2403A769D78FF319C /* AttentionStore.swift in Sources */ = {isa = PBXBuildFile; fileRef = B26DEF3C0B3F4205CBD3F387 /* AttentionStore.swift */; };
		C4F957A017F5826054209763 /* IslandWindowController.swift in Sources */ = {isa = PBXBuildFile; fileRef = 8DF3BF2FBEBA225F8CC8BB75 /* IslandWindowController.swift */; };
		C57D79F8F37943ED9203BCE5 /* AgentStore.swift in Sources */ = {isa = PBXBuildFile; fileRef = 3736EF29271CCFFA867466B9 /* AgentStore.swift */; };
		CDCB26C8BF9ACA457B1E044F /* AgentStoreTests.swift in Sources */ = {isa = PBXBuildFile; fileRef = CA5F80398DD7D009165A9F64 /* AgentStoreTests.swift */; };
		D8A35774EC48AE27A5160066 /* NowPlayingCompactView.swift in Sources */ = {isa = PBXBuildFile; fileRef = 3A65FB2B5C27609361628349 /* NowPlayingCompactView.swift */; };
		D8B0CB68656C3D65621C8A15 /* AppSettings.swift in Sources */ = {isa = PBXBuildFile; fileRef = 923EEEB32DC30ED8D6C0164E /* AppSettings.swift */; };
		D9FA732160BC3258DEDD99A7 /* IslandHitTestTests.swift in Sources */ = {isa = PBXBuildFile; fileRef = C7BBC4A5E841D8A674991CB5 /* IslandHitTestTests.swift */; };
		DA857F9519A975F4AEA16D60 /* AgentsModuleController.swift in Sources */ = {isa = PBXBuildFile; fileRef = 969626E00671B10D9BD56EE0 /* AgentsModuleController.swift */; };
		DB1ABD8D66E79C436F0EC793 /* ScreenshotBufferView.swift in Sources */ = {isa = PBXBuildFile; fileRef = 218A5E94DACF8674841DA7D4 /* ScreenshotBufferView.swift */; };
		DB8C09366FC0B9FEDB769041 /* ScreenshotThumbnailService.swift in Sources */ = {isa = PBXBuildFile; fileRef = 6ECD16561C923EF8C8A3B944 /* ScreenshotThumbnailService.swift */; };
		DC660EC0277C0061093ED978 /* NowPlayingView.swift in Sources */ = {isa = PBXBuildFile; fileRef = 5B07086DBD52A97AB9AFA30B /* NowPlayingView.swift */; };
		DCEB3E610B45D4D29A5DDD6E /* DebugGeometry.swift in Sources */ = {isa = PBXBuildFile; fileRef = 483495BC5872E2106EEF05C9 /* DebugGeometry.swift */; };
		DD07C117113BE95DE8F75457 /* ScreenshotDragPayloadBuilderTests.swift in Sources */ = {isa = PBXBuildFile; fileRef = E3B207B34401BA665AE4D441 /* ScreenshotDragPayloadBuilderTests.swift */; };
		DFD3C7D0A43978820CF80C8D /* NowPlayingProvider.swift in Sources */ = {isa = PBXBuildFile; fileRef = 497CB9F001701705FFCDDA54 /* NowPlayingProvider.swift */; };
		E07BAADB7A6019CD3ED1F277 /* ScreenshotCard.swift in Sources */ = {isa = PBXBuildFile; fileRef = 771F2405F68471A34C1EDC8C /* ScreenshotCard.swift */; };
		E5DD227F5264A016410F64AA /* ModuleDefinition.swift in Sources */ = {isa = PBXBuildFile; fileRef = 3074FFB0D820A6E40597E389 /* ModuleDefinition.swift */; };
		E6B7224BC7F5F50B02333665 /* Sparkle in Frameworks */ = {isa = PBXBuildFile; productRef = 5CCBB1C76C78699C1450CFBF /* Sparkle */; };
		E75A58B0C6752BFFE156D6CF /* FocusOwnershipTests.swift in Sources */ = {isa = PBXBuildFile; fileRef = EA367A331B5764CF5CAF655E /* FocusOwnershipTests.swift */; };
		EA6E8559917CC4AF05DA80D3 /* IslandHitTestView.swift in Sources */ = {isa = PBXBuildFile; fileRef = 339B94DC8A1FDA00EC675E6E /* IslandHitTestView.swift */; };
		FBFDFB0E6E7EF21EC846CD89 /* Log.swift in Sources */ = {isa = PBXBuildFile; fileRef = 77612D99353C8BFC948A9A89 /* Log.swift */; };
		FE7C1FE80AAED69FBB125C56 /* AgentNotificationManager.swift in Sources */ = {isa = PBXBuildFile; fileRef = 4508E82BB097BD2551A5575C /* AgentNotificationManager.swift */; };
		FFC9ABB543A1AA7DBF599966 /* IslandHoverOpenTests.swift in Sources */ = {isa = PBXBuildFile; fileRef = F93BE3004118354F89DEFEB3 /* IslandHoverOpenTests.swift */; };
/* End PBXBuildFile section */

/* Begin PBXContainerItemProxy section */
		3F7188B3219A94629AE137C3 /* PBXContainerItemProxy */ = {
			isa = PBXContainerItemProxy;
			containerPortal = EB7E781DC29459EE4E78AA4C /* Project object */;
			proxyType = 1;
			remoteGlobalIDString = 359BAB8B544067CBFB32ED93;
			remoteInfo = PersonalIslandAgentHook;
		};
		A462AC49CB137DE5647AA46B /* PBXContainerItemProxy */ = {
			isa = PBXContainerItemProxy;
			containerPortal = EB7E781DC29459EE4E78AA4C /* Project object */;
			proxyType = 1;
			remoteGlobalIDString = C0CB8F5F292CCF81DE483FFE;
			remoteInfo = PersonalIsland;
		};
/* End PBXContainerItemProxy section */

/* Begin PBXCopyFilesBuildPhase section */
		A9A67262CA21EBEC3E5DCFA3 /* Embed Frameworks */ = {
			isa = PBXCopyFilesBuildPhase;
			buildActionMask = 2147483647;
			dstPath = "";
			dstSubfolderSpec = 10;
			files = (
				09699F6DF58A997AD36276F0 /* MediaRemoteAdapter.framework in Embed Frameworks */,
			);
			name = "Embed Frameworks";
			runOnlyForDeploymentPostprocessing = 0;
		};
/* End PBXCopyFilesBuildPhase section */

/* Begin PBXFileReference section */
		04353C10756A0BC848D6047F /* AgentWire.swift */ = {isa = PBXFileReference; lastKnownFileType = sourcecode.swift; path = AgentWire.swift; sourceTree = "<group>"; };
		0D4D58586908CBB58887FA52 /* AgentActionMenuButton.swift */ = {isa = PBXFileReference; lastKnownFileType = sourcecode.swift; path = AgentActionMenuButton.swift; sourceTree = "<group>"; };
		0F8DDD176CC9A052A03D5029 /* IslandSidebar.swift */ = {isa = PBXFileReference; lastKnownFileType = sourcecode.swift; path = IslandSidebar.swift; sourceTree = "<group>"; };
		10CDC3ED8890184772C64D57 /* NotchSpaceManager.swift */ = {isa = PBXFileReference; lastKnownFileType = sourcecode.swift; path = NotchSpaceManager.swift; sourceTree = "<group>"; };
		1271E2DB2EE80149BBDE4D96 /* AppUpdater.swift */ = {isa = PBXFileReference; lastKnownFileType = sourcecode.swift; path = AppUpdater.swift; sourceTree = "<group>"; };
		160845716973AC8225557AC1 /* AgentMonitorView.swift */ = {isa = PBXFileReference; lastKnownFileType = sourcecode.swift; path = AgentMonitorView.swift; sourceTree = "<group>"; };
		172B742D7F41C4AF4C4372D6 /* OnboardingController.swift */ = {isa = PBXFileReference; lastKnownFileType = sourcecode.swift; path = OnboardingController.swift; sourceTree = "<group>"; };
		1B081DCE87AC103CB280A0ED /* SystemTimerTests.swift */ = {isa = PBXFileReference; lastKnownFileType = sourcecode.swift; path = SystemTimerTests.swift; sourceTree = "<group>"; };
		1F4AF0923FBEC645DFA96F10 /* AppIcon.icns */ = {isa = PBXFileReference; lastKnownFileType = image.icns; path = AppIcon.icns; sourceTree = "<group>"; };
		1FEF7A5058C7B5ACF4DAA964 /* AttentionModel.swift */ = {isa = PBXFileReference; lastKnownFileType = sourcecode.swift; path = AttentionModel.swift; sourceTree = "<group>"; };
		20A02AC28791AEE5B87CE8C1 /* ScreenshotDirectoryMonitor.swift */ = {isa = PBXFileReference; lastKnownFileType = sourcecode.swift; path = ScreenshotDirectoryMonitor.swift; sourceTree = "<group>"; };
		218A5E94DACF8674841DA7D4 /* ScreenshotBufferView.swift */ = {isa = PBXFileReference; lastKnownFileType = sourcecode.swift; path = ScreenshotBufferView.swift; sourceTree = "<group>"; };
		21914DC191D2854AAD1CAFA0 /* MediaRemoteAdapterProvider.swift */ = {isa = PBXFileReference; lastKnownFileType = sourcecode.swift; path = MediaRemoteAdapterProvider.swift; sourceTree = "<group>"; };
		2A138833916430A3CFF5CAD5 /* AttentionCenterView.swift */ = {isa = PBXFileReference; lastKnownFileType = sourcecode.swift; path = AttentionCenterView.swift; sourceTree = "<group>"; };
		2BF3FAC982606BEFEA1A3522 /* PersonalIslandApp.swift */ = {isa = PBXFileReference; lastKnownFileType = sourcecode.swift; path = PersonalIslandApp.swift; sourceTree = "<group>"; };
		30382353245952C47E228258 /* SystemTimerModel.swift */ = {isa = PBXFileReference; lastKnownFileType = sourcecode.swift; path = SystemTimerModel.swift; sourceTree = "<group>"; };
		3074FFB0D820A6E40597E389 /* ModuleDefinition.swift */ = {isa = PBXFileReference; lastKnownFileType = sourcecode.swift; path = ModuleDefinition.swift; sourceTree = "<group>"; };
		3212EBE467A661D9B6C0B3DF /* ClipboardImageMonitor.swift */ = {isa = PBXFileReference; lastKnownFileType = sourcecode.swift; path = ClipboardImageMonitor.swift; sourceTree = "<group>"; };
		339B94DC8A1FDA00EC675E6E /* IslandHitTestView.swift */ = {isa = PBXFileReference; lastKnownFileType = sourcecode.swift; path = IslandHitTestView.swift; sourceTree = "<group>"; };
		3736EF29271CCFFA867466B9 /* AgentStore.swift */ = {isa = PBXFileReference; lastKnownFileType = sourcecode.swift; path = AgentStore.swift; sourceTree = "<group>"; };
		37C5F36E5DA356ECE5135ADC /* ScreenshotCardInteraction.swift */ = {isa = PBXFileReference; lastKnownFileType = sourcecode.swift; path = ScreenshotCardInteraction.swift; sourceTree = "<group>"; };
		395E576B956BDFD58FB0B935 /* SystemTimerController.swift */ = {isa = PBXFileReference; lastKnownFileType = sourcecode.swift; path = SystemTimerController.swift; sourceTree = "<group>"; };
		3A65FB2B5C27609361628349 /* NowPlayingCompactView.swift */ = {isa = PBXFileReference; lastKnownFileType = sourcecode.swift; path = NowPlayingCompactView.swift; sourceTree = "<group>"; };
		3AFEFB80497AF4D30DC80AD6 /* AgentBridgeTests.swift */ = {isa = PBXFileReference; lastKnownFileType = sourcecode.swift; path = AgentBridgeTests.swift; sourceTree = "<group>"; };
		3DD87634E912916C9CB302D4 /* ClipboardHistoryMonitor.swift */ = {isa = PBXFileReference; lastKnownFileType = sourcecode.swift; path = ClipboardHistoryMonitor.swift; sourceTree = "<group>"; };
		3F9DA08E29A6C80A42A0B797 /* ClipboardHistoryStore.swift */ = {isa = PBXFileReference; lastKnownFileType = sourcecode.swift; path = ClipboardHistoryStore.swift; sourceTree = "<group>"; };
		412B6889756103C291838FA1 /* NowPlayingState.swift */ = {isa = PBXFileReference; lastKnownFileType = sourcecode.swift; path = NowPlayingState.swift; sourceTree = "<group>"; };
		4508E82BB097BD2551A5575C /* AgentNotificationManager.swift */ = {isa = PBXFileReference; lastKnownFileType = sourcecode.swift; path = AgentNotificationManager.swift; sourceTree = "<group>"; };
		46F279889508523EB0020A30 /* MediaTimeFormatterTests.swift */ = {isa = PBXFileReference; lastKnownFileType = sourcecode.swift; path = MediaTimeFormatterTests.swift; sourceTree = "<group>"; };
		483495BC5872E2106EEF05C9 /* DebugGeometry.swift */ = {isa = PBXFileReference; lastKnownFileType = sourcecode.swift; path = DebugGeometry.swift; sourceTree = "<group>"; };
		48B6843701789644871251AA /* SmokeTests.swift */ = {isa = PBXFileReference; lastKnownFileType = sourcecode.swift; path = SmokeTests.swift; sourceTree = "<group>"; };
		497CB9F001701705FFCDDA54 /* NowPlayingProvider.swift */ = {isa = PBXFileReference; lastKnownFileType = sourcecode.swift; path = NowPlayingProvider.swift; sourceTree = "<group>"; };
		4A1032DE6827B418174BED40 /* Localizable.xcstrings */ = {isa = PBXFileReference; lastKnownFileType = text.json.xcstrings; path = Localizable.xcstrings; sourceTree = "<group>"; };
		4DF9A38AE035AB1960C84E1E /* PersonalIslandAgentHook */ = {isa = PBXFileReference; includeInIndex = 0; path = PersonalIslandAgentHook; sourceTree = BUILT_PRODUCTS_DIR; };
		545010F089E91F738FA59429 /* PersonalIsland.app */ = {isa = PBXFileReference; explicitFileType = wrapper.application; includeInIndex = 0; path = PersonalIsland.app; sourceTree = BUILT_PRODUCTS_DIR; };
		562801A55EE50D0C76365495 /* MediaTimeFormatter.swift */ = {isa = PBXFileReference; lastKnownFileType = sourcecode.swift; path = MediaTimeFormatter.swift; sourceTree = "<group>"; };
		56E5514E3204F276230079E8 /* AttentionPersistence.swift */ = {isa = PBXFileReference; lastKnownFileType = sourcecode.swift; path = AttentionPersistence.swift; sourceTree = "<group>"; };
		57FB88BF9B3E75D57143F7B0 /* AppSettingsTests.swift */ = {isa = PBXFileReference; lastKnownFileType = sourcecode.swift; path = AppSettingsTests.swift; sourceTree = "<group>"; };
		58571834CB4FB9699FB8ECB3 /* AgentEventReceiver.swift */ = {isa = PBXFileReference; lastKnownFileType = sourcecode.swift; path = AgentEventReceiver.swift; sourceTree = "<group>"; };
		593685BFD2EADEE48BBAECBB /* ScreenshotDragPayloadBuilder.swift */ = {isa = PBXFileReference; lastKnownFileType = sourcecode.swift; path = ScreenshotDragPayloadBuilder.swift; sourceTree = "<group>"; };
		5B07086DBD52A97AB9AFA30B /* NowPlayingView.swift */ = {isa = PBXFileReference; lastKnownFileType = sourcecode.swift; path = NowPlayingView.swift; sourceTree = "<group>"; };
		604C7A455334579AF4424705 /* ArcBrowserNowPlayingProvider.swift */ = {isa = PBXFileReference; lastKnownFileType = sourcecode.swift; path = ArcBrowserNowPlayingProvider.swift; sourceTree = "<group>"; };
		6141BC8ED28956AC0531BB7A /* TimerChipView.swift */ = {isa = PBXFileReference; lastKnownFileType = sourcecode.swift; path = TimerChipView.swift; sourceTree = "<group>"; };
		6822D5545D48645A9B224EB9 /* ModuleButton.swift */ = {isa = PBXFileReference; lastKnownFileType = sourcecode.swift; path = ModuleButton.swift; sourceTree = "<group>"; };
		686B0922BC6346FAEF3C77D8 /* AgentProviderIconResolver.swift */ = {isa = PBXFileReference; lastKnownFileType = sourcecode.swift; path = AgentProviderIconResolver.swift; sourceTree = "<group>"; };
		6A4DC2BBBEDFDC10B710F8A7 /* IslandPanel.swift */ = {isa = PBXFileReference; lastKnownFileType = sourcecode.swift; path = IslandPanel.swift; sourceTree = "<group>"; };
		6ECD16561C923EF8C8A3B944 /* ScreenshotThumbnailService.swift */ = {isa = PBXFileReference; lastKnownFileType = sourcecode.swift; path = ScreenshotThumbnailService.swift; sourceTree = "<group>"; };
		6F24EE472D466F25063729E3 /* AppDelegate.swift */ = {isa = PBXFileReference; lastKnownFileType = sourcecode.swift; path = AppDelegate.swift; sourceTree = "<group>"; };
		70C805644EFFA48EDEC089A4 /* ClipboardEntry.swift */ = {isa = PBXFileReference; lastKnownFileType = sourcecode.swift; path = ClipboardEntry.swift; sourceTree = "<group>"; };
		7390018D5C0BF8DB1A1FA9DE /* Constants.swift */ = {isa = PBXFileReference; lastKnownFileType = sourcecode.swift; path = Constants.swift; sourceTree = "<group>"; };
		771F2405F68471A34C1EDC8C /* ScreenshotCard.swift */ = {isa = PBXFileReference; lastKnownFileType = sourcecode.swift; path = ScreenshotCard.swift; sourceTree = "<group>"; };
		773E0DAE1E7562565E986EC7 /* BrowserMediaState.swift */ = {isa = PBXFileReference; lastKnownFileType = sourcecode.swift; path = BrowserMediaState.swift; sourceTree = "<group>"; };
		77612D99353C8BFC948A9A89 /* Log.swift */ = {isa = PBXFileReference; lastKnownFileType = sourcecode.swift; path = Log.swift; sourceTree = "<group>"; };
		7BB6C61BB65478DBEE84DD32 /* IslandState.swift */ = {isa = PBXFileReference; lastKnownFileType = sourcecode.swift; path = IslandState.swift; sourceTree = "<group>"; };
		7CD03347D4276C077C31AE75 /* LocalizationTests.swift */ = {isa = PBXFileReference; lastKnownFileType = sourcecode.swift; path = LocalizationTests.swift; sourceTree = "<group>"; };
		832E1262072C16D4BF3A433C /* ScreenshotBufferTests.swift */ = {isa = PBXFileReference; lastKnownFileType = sourcecode.swift; path = ScreenshotBufferTests.swift; sourceTree = "<group>"; };
		84B47D5C8EABD474051A7F4B /* NowPlayingArtworkMemory.swift */ = {isa = PBXFileReference; lastKnownFileType = sourcecode.swift; path = NowPlayingArtworkMemory.swift; sourceTree = "<group>"; };
		88B802539C701481562FDF1F /* SidebarHitAlignmentTests.swift */ = {isa = PBXFileReference; lastKnownFileType = sourcecode.swift; path = SidebarHitAlignmentTests.swift; sourceTree = "<group>"; };
		8BFE4B23D76406B9785241DD /* AgentSession.swift */ = {isa = PBXFileReference; lastKnownFileType = sourcecode.swift; path = AgentSession.swift; sourceTree = "<group>"; };
		8C4D77AC9E97FB79BF75E758 /* AppLanguageManager.swift */ = {isa = PBXFileReference; lastKnownFileType = sourcecode.swift; path = AppLanguageManager.swift; sourceTree = "<group>"; };
		8DF3BF2FBEBA225F8CC8BB75 /* IslandWindowController.swift */ = {isa = PBXFileReference; lastKnownFileType = sourcecode.swift; path = IslandWindowController.swift; sourceTree = "<group>"; };
		91508EEEC0052E2889A620E1 /* AgentHookInstaller.swift */ = {isa = PBXFileReference; lastKnownFileType = sourcecode.swift; path = AgentHookInstaller.swift; sourceTree = "<group>"; };
		923EEEB32DC30ED8D6C0164E /* AppSettings.swift */ = {isa = PBXFileReference; lastKnownFileType = sourcecode.swift; path = AppSettings.swift; sourceTree = "<group>"; };
		92886647D2E593426068F988 /* MediaRemoteAdapterTestClient */ = {isa = PBXFileReference; path = MediaRemoteAdapterTestClient; sourceTree = "<group>"; };
		931CF95A7034F999354B4CA2 /* ScreenshotBuffer.swift */ = {isa = PBXFileReference; lastKnownFileType = sourcecode.swift; path = ScreenshotBuffer.swift; sourceTree = "<group>"; };
		96333B43336A192CA6F3F771 /* NowPlayingCoordinator.swift */ = {isa = PBXFileReference; lastKnownFileType = sourcecode.swift; path = NowPlayingCoordinator.swift; sourceTree = "<group>"; };
		966BAC17AF0D295039529AFC /* AgentSessionActions.swift */ = {isa = PBXFileReference; lastKnownFileType = sourcecode.swift; path = AgentSessionActions.swift; sourceTree = "<group>"; };
		969626E00671B10D9BD56EE0 /* AgentsModuleController.swift */ = {isa = PBXFileReference; lastKnownFileType = sourcecode.swift; path = AgentsModuleController.swift; sourceTree = "<group>"; };
		A039260E1592B7879003E02C /* NotchGeometryTests.swift */ = {isa = PBXFileReference; lastKnownFileType = sourcecode.swift; path = NotchGeometryTests.swift; sourceTree = "<group>"; };
		A2C10F4DE2DA0B6B1288B8B6 /* MediaRemoteAdapter.framework */ = {isa = PBXFileReference; lastKnownFileType = wrapper.framework; name = MediaRemoteAdapter.framework; path = Vendor/MediaRemoteAdapter/MediaRemoteAdapter.framework; sourceTree = "<group>"; };
		A7387F03769A95F1D25872DC /* NowPlayingArbiterTests.swift */ = {isa = PBXFileReference; lastKnownFileType = sourcecode.swift; path = NowPlayingArbiterTests.swift; sourceTree = "<group>"; };
		A75CFB091AE857EC44951A2D /* IslandContainer.swift */ = {isa = PBXFileReference; lastKnownFileType = sourcecode.swift; path = IslandContainer.swift; sourceTree = "<group>"; };
		AD084CDF8682851C7B089003 /* CodexLocalProviderTests.swift */ = {isa = PBXFileReference; lastKnownFileType = sourcecode.swift; path = CodexLocalProviderTests.swift; sourceTree = "<group>"; };
		AD49CC95E49AC39C310C4FFB /* NotchShape.swift */ = {isa = PBXFileReference; lastKnownFileType = sourcecode.swift; path = NotchShape.swift; sourceTree = "<group>"; };
		B26DEF3C0B3F4205CBD3F387 /* AttentionStore.swift */ = {isa = PBXFileReference; lastKnownFileType = sourcecode.swift; path = AttentionStore.swift; sourceTree = "<group>"; };
		B76CC362D3C9F04E114F98A8 /* ClipboardHistoryView.swift */ = {isa = PBXFileReference; lastKnownFileType = sourcecode.swift; path = ClipboardHistoryView.swift; sourceTree = "<group>"; };
		BE66A875BD71426B6919808E /* ScreenshotBufferViewModel.swift */ = {isa = PBXFileReference; lastKnownFileType = sourcecode.swift; path = ScreenshotBufferViewModel.swift; sourceTree = "<group>"; };
		C7BBC4A5E841D8A674991CB5 /* IslandHitTestTests.swift */ = {isa = PBXFileReference; lastKnownFileType = sourcecode.swift; path = IslandHitTestTests.swift; sourceTree = "<group>"; };
		CA5F80398DD7D009165A9F64 /* AgentStoreTests.swift */ = {isa = PBXFileReference; lastKnownFileType = sourcecode.swift; path = AgentStoreTests.swift; sourceTree = "<group>"; };
		CCEF206BE7C87ABDC5152E4D /* ClipboardHistoryTests.swift */ = {isa = PBXFileReference; lastKnownFileType = sourcecode.swift; path = ClipboardHistoryTests.swift; sourceTree = "<group>"; };
		CE688FF5C4DE636AB8489A81 /* AgentCompactStatusView.swift */ = {isa = PBXFileReference; lastKnownFileType = sourcecode.swift; path = AgentCompactStatusView.swift; sourceTree = "<group>"; };
		CF8102A2B47212F4D4BB8FB4 /* CodexLocalSessionProvider.swift */ = {isa = PBXFileReference; lastKnownFileType = sourcecode.swift; path = CodexLocalSessionProvider.swift; sourceTree = "<group>"; };
		D7D4058E7E6F1728ECA095E6 /* AgentActivityFormatter.swift */ = {isa = PBXFileReference; lastKnownFileType = sourcecode.swift; path = AgentActivityFormatter.swift; sourceTree = "<group>"; };
		DAEA6868BA2472A960739434 /* AppState.swift */ = {isa = PBXFileReference; lastKnownFileType = sourcecode.swift; path = AppState.swift; sourceTree = "<group>"; };
		DC3570A3946C950ED0E869A8 /* AgentActionsTests.swift */ = {isa = PBXFileReference; lastKnownFileType = sourcecode.swift; path = AgentActionsTests.swift; sourceTree = "<group>"; };
		DEEF6C27C54A65CDABBB5963 /* ScriptingPlayerProvider.swift */ = {isa = PBXFileReference; lastKnownFileType = sourcecode.swift; path = ScriptingPlayerProvider.swift; sourceTree = "<group>"; };
		E2EF24E5A66CAFB24B41B6A1 /* NowPlayingArbiter.swift */ = {isa = PBXFileReference; lastKnownFileType = sourcecode.swift; path = NowPlayingArbiter.swift; sourceTree = "<group>"; };
		E3B207B34401BA665AE4D441 /* ScreenshotDragPayloadBuilderTests.swift */ = {isa = PBXFileReference; lastKnownFileType = sourcecode.swift; path = ScreenshotDragPayloadBuilderTests.swift; sourceTree = "<group>"; };
		E8EDE8793FBC8F1E93DAF464 /* PersonalIslandTests.xctest */ = {isa = PBXFileReference; explicitFileType = wrapper.cfbundle; includeInIndex = 0; path = PersonalIslandTests.xctest; sourceTree = BUILT_PRODUCTS_DIR; };
		EA367A331B5764CF5CAF655E /* FocusOwnershipTests.swift */ = {isa = PBXFileReference; lastKnownFileType = sourcecode.swift; path = FocusOwnershipTests.swift; sourceTree = "<group>"; };
		EB21F03E70935E0D72BC455E /* main.swift */ = {isa = PBXFileReference; lastKnownFileType = sourcecode.swift; path = main.swift; sourceTree = "<group>"; };
		ECCBAC8083F4C4ADC18EBF15 /* mediaremote-adapter.pl */ = {isa = PBXFileReference; lastKnownFileType = text.script.perl; path = "mediaremote-adapter.pl"; sourceTree = "<group>"; };
		EE8F9C2B791188DA6D74F53A /* ScreenshotItem.swift */ = {isa = PBXFileReference; lastKnownFileType = sourcecode.swift; path = ScreenshotItem.swift; sourceTree = "<group>"; };
		EEFF828D9B31B666A16CEB36 /* AttentionStoreTests.swift */ = {isa = PBXFileReference; lastKnownFileType = sourcecode.swift; path = AttentionStoreTests.swift; sourceTree = "<group>"; };
		F0B57E2448D2ECEB4C0203D8 /* NowPlayingMappingTests.swift */ = {isa = PBXFileReference; lastKnownFileType = sourcecode.swift; path = NowPlayingMappingTests.swift; sourceTree = "<group>"; };
		F25D4683065D8AE0C258723B /* NotchGeometryProvider.swift */ = {isa = PBXFileReference; lastKnownFileType = sourcecode.swift; path = NotchGeometryProvider.swift; sourceTree = "<group>"; };
		F33143002BE94E2F0D6D53E5 /* NowPlayingViewModel.swift */ = {isa = PBXFileReference; lastKnownFileType = sourcecode.swift; path = NowPlayingViewModel.swift; sourceTree = "<group>"; };
		F82EDB2A2FB130BABC70A2DF /* BrowserMediaTests.swift */ = {isa = PBXFileReference; lastKnownFileType = sourcecode.swift; path = BrowserMediaTests.swift; sourceTree = "<group>"; };
		F8386C0FF7C82CCADE99EAE1 /* IslandRootView.swift */ = {isa = PBXFileReference; lastKnownFileType = sourcecode.swift; path = IslandRootView.swift; sourceTree = "<group>"; };
		F93BE3004118354F89DEFEB3 /* IslandHoverOpenTests.swift */ = {isa = PBXFileReference; lastKnownFileType = sourcecode.swift; path = IslandHoverOpenTests.swift; sourceTree = "<group>"; };
		FAA6C0BE500E084C17DA0E46 /* NowPlayingArtworkMemoryTests.swift */ = {isa = PBXFileReference; lastKnownFileType = sourcecode.swift; path = NowPlayingArtworkMemoryTests.swift; sourceTree = "<group>"; };
/* End PBXFileReference section */

/* Begin PBXFrameworksBuildPhase section */
		7716AD043B30C7B9087756EE /* Frameworks */ = {
			isa = PBXFrameworksBuildPhase;
			buildActionMask = 2147483647;
			files = (
				E6B7224BC7F5F50B02333665 /* Sparkle in Frameworks */,
			);
			runOnlyForDeploymentPostprocessing = 0;
		};
/* End PBXFrameworksBuildPhase section */

/* Begin PBXGroup section */
		15C3E05B10F0828F1C45B3A4 /* AgentHookHelper */ = {
			isa = PBXGroup;
			children = (
				EB21F03E70935E0D72BC455E /* main.swift */,
			);
			path = AgentHookHelper;
			sourceTree = "<group>";
		};
		1B296D2B8DC1D3D4D9247324 /* Products */ = {
			isa = PBXGroup;
			children = (
				545010F089E91F738FA59429 /* PersonalIsland.app */,
				4DF9A38AE035AB1960C84E1E /* PersonalIslandAgentHook */,
				E8EDE8793FBC8F1E93DAF464 /* PersonalIslandTests.xctest */,
			);
			name = Products;
			sourceTree = "<group>";
		};
		1B5630A341D06F4323CF47C0 /* NowPlaying */ = {
			isa = PBXGroup;
			children = (
				604C7A455334579AF4424705 /* ArcBrowserNowPlayingProvider.swift */,
				773E0DAE1E7562565E986EC7 /* BrowserMediaState.swift */,
				21914DC191D2854AAD1CAFA0 /* MediaRemoteAdapterProvider.swift */,
				E2EF24E5A66CAFB24B41B6A1 /* NowPlayingArbiter.swift */,
				84B47D5C8EABD474051A7F4B /* NowPlayingArtworkMemory.swift */,
				3A65FB2B5C27609361628349 /* NowPlayingCompactView.swift */,
				96333B43336A192CA6F3F771 /* NowPlayingCoordinator.swift */,
				497CB9F001701705FFCDDA54 /* NowPlayingProvider.swift */,
				412B6889756103C291838FA1 /* NowPlayingState.swift */,
				5B07086DBD52A97AB9AFA30B /* NowPlayingView.swift */,
				F33143002BE94E2F0D6D53E5 /* NowPlayingViewModel.swift */,
				DEEF6C27C54A65CDABBB5963 /* ScriptingPlayerProvider.swift */,
			);
			path = NowPlaying;
			sourceTree = "<group>";
		};
		207E252F5BB738118E1A2893 /* Tests */ = {
			isa = PBXGroup;
			children = (
				2F1C7EF5620006A3CB90942A /* PersonalIslandTests */,
			);
			path = Tests;
			sourceTree = "<group>";
		};
		26082039F3D40EB0A31750B4 = {
			isa = PBXGroup;
			children = (
				15C3E05B10F0828F1C45B3A4 /* AgentHookHelper */,
				B55F4B1AD3BE311C0EBBCF05 /* App */,
				D11BCAD5B5BF233A56996F16 /* Island */,
				C71D4B2DC42451A24A281F0A /* Modules */,
				F2216FABEE169C1605EDB7CA /* Shared */,
				4867344DBC5CC059B57BDA1B /* Support */,
				207E252F5BB738118E1A2893 /* Tests */,
				4822CB0578369EC107DCC456 /* Vendor */,
				BAB59D3DE86F942B42006473 /* Frameworks */,
				1B296D2B8DC1D3D4D9247324 /* Products */,
			);
			sourceTree = "<group>";
		};
		2F1C7EF5620006A3CB90942A /* PersonalIslandTests */ = {
			isa = PBXGroup;
			children = (
				DC3570A3946C950ED0E869A8 /* AgentActionsTests.swift */,
				3AFEFB80497AF4D30DC80AD6 /* AgentBridgeTests.swift */,
				CA5F80398DD7D009165A9F64 /* AgentStoreTests.swift */,
				57FB88BF9B3E75D57143F7B0 /* AppSettingsTests.swift */,
				EEFF828D9B31B666A16CEB36 /* AttentionStoreTests.swift */,
				F82EDB2A2FB130BABC70A2DF /* BrowserMediaTests.swift */,
				CCEF206BE7C87ABDC5152E4D /* ClipboardHistoryTests.swift */,
				AD084CDF8682851C7B089003 /* CodexLocalProviderTests.swift */,
				EA367A331B5764CF5CAF655E /* FocusOwnershipTests.swift */,
				C7BBC4A5E841D8A674991CB5 /* IslandHitTestTests.swift */,
				F93BE3004118354F89DEFEB3 /* IslandHoverOpenTests.swift */,
				7CD03347D4276C077C31AE75 /* LocalizationTests.swift */,
				46F279889508523EB0020A30 /* MediaTimeFormatterTests.swift */,
				A039260E1592B7879003E02C /* NotchGeometryTests.swift */,
				A7387F03769A95F1D25872DC /* NowPlayingArbiterTests.swift */,
				FAA6C0BE500E084C17DA0E46 /* NowPlayingArtworkMemoryTests.swift */,
				F0B57E2448D2ECEB4C0203D8 /* NowPlayingMappingTests.swift */,
				832E1262072C16D4BF3A433C /* ScreenshotBufferTests.swift */,
				E3B207B34401BA665AE4D441 /* ScreenshotDragPayloadBuilderTests.swift */,
				88B802539C701481562FDF1F /* SidebarHitAlignmentTests.swift */,
				48B6843701789644871251AA /* SmokeTests.swift */,
				1B081DCE87AC103CB280A0ED /* SystemTimerTests.swift */,
			);
			path = PersonalIslandTests;
			sourceTree = "<group>";
		};
		34F7EE31934C87937921FB29 /* Components */ = {
			isa = PBXGroup;
			children = (
				A75CFB091AE857EC44951A2D /* IslandContainer.swift */,
				0F8DDD176CC9A052A03D5029 /* IslandSidebar.swift */,
				6822D5545D48645A9B224EB9 /* ModuleButton.swift */,
			);
			path = Components;
			sourceTree = "<group>";
		};
		36804868F62355F0A4B2C815 /* Attention */ = {
			isa = PBXGroup;
			children = (
				2A138833916430A3CFF5CAD5 /* AttentionCenterView.swift */,
				1FEF7A5058C7B5ACF4DAA964 /* AttentionModel.swift */,
				56E5514E3204F276230079E8 /* AttentionPersistence.swift */,
				B26DEF3C0B3F4205CBD3F387 /* AttentionStore.swift */,
			);
			path = Attention;
			sourceTree = "<group>";
		};
		47BA8F42C27CB5C07C57B173 /* Screenshots */ = {
			isa = PBXGroup;
			children = (
				3212EBE467A661D9B6C0B3DF /* ClipboardImageMonitor.swift */,
				931CF95A7034F999354B4CA2 /* ScreenshotBuffer.swift */,
				218A5E94DACF8674841DA7D4 /* ScreenshotBufferView.swift */,
				BE66A875BD71426B6919808E /* ScreenshotBufferViewModel.swift */,
				771F2405F68471A34C1EDC8C /* ScreenshotCard.swift */,
				37C5F36E5DA356ECE5135ADC /* ScreenshotCardInteraction.swift */,
				20A02AC28791AEE5B87CE8C1 /* ScreenshotDirectoryMonitor.swift */,
				593685BFD2EADEE48BBAECBB /* ScreenshotDragPayloadBuilder.swift */,
				EE8F9C2B791188DA6D74F53A /* ScreenshotItem.swift */,
				6ECD16561C923EF8C8A3B944 /* ScreenshotThumbnailService.swift */,
			);
			path = Screenshots;
			sourceTree = "<group>";
		};
		4822CB0578369EC107DCC456 /* Vendor */ = {
			isa = PBXGroup;
			children = (
				882E6D2A6CD75EFFEE657D2D /* MediaRemoteAdapter */,
			);
			path = Vendor;
			sourceTree = "<group>";
		};
		4867344DBC5CC059B57BDA1B /* Support */ = {
			isa = PBXGroup;
			children = (
				1F4AF0923FBEC645DFA96F10 /* AppIcon.icns */,
			);
			path = Support;
			sourceTree = "<group>";
		};
		5B1FD5029BB9C1CEBAA7E35E /* Agents */ = {
			isa = PBXGroup;
			children = (
				0D4D58586908CBB58887FA52 /* AgentActionMenuButton.swift */,
				D7D4058E7E6F1728ECA095E6 /* AgentActivityFormatter.swift */,
				CE688FF5C4DE636AB8489A81 /* AgentCompactStatusView.swift */,
				58571834CB4FB9699FB8ECB3 /* AgentEventReceiver.swift */,
				91508EEEC0052E2889A620E1 /* AgentHookInstaller.swift */,
				160845716973AC8225557AC1 /* AgentMonitorView.swift */,
				4508E82BB097BD2551A5575C /* AgentNotificationManager.swift */,
				686B0922BC6346FAEF3C77D8 /* AgentProviderIconResolver.swift */,
				8BFE4B23D76406B9785241DD /* AgentSession.swift */,
				966BAC17AF0D295039529AFC /* AgentSessionActions.swift */,
				969626E00671B10D9BD56EE0 /* AgentsModuleController.swift */,
				3736EF29271CCFFA867466B9 /* AgentStore.swift */,
				04353C10756A0BC848D6047F /* AgentWire.swift */,
				CF8102A2B47212F4D4BB8FB4 /* CodexLocalSessionProvider.swift */,
			);
			path = Agents;
			sourceTree = "<group>";
		};
		882E6D2A6CD75EFFEE657D2D /* MediaRemoteAdapter */ = {
			isa = PBXGroup;
			children = (
				ECCBAC8083F4C4ADC18EBF15 /* mediaremote-adapter.pl */,
				92886647D2E593426068F988 /* MediaRemoteAdapterTestClient */,
			);
			path = MediaRemoteAdapter;
			sourceTree = "<group>";
		};
		B190945156921902893BC825 /* Timer */ = {
			isa = PBXGroup;
			children = (
				395E576B956BDFD58FB0B935 /* SystemTimerController.swift */,
				30382353245952C47E228258 /* SystemTimerModel.swift */,
				6141BC8ED28956AC0531BB7A /* TimerChipView.swift */,
			);
			path = Timer;
			sourceTree = "<group>";
		};
		B55F4B1AD3BE311C0EBBCF05 /* App */ = {
			isa = PBXGroup;
			children = (
				6F24EE472D466F25063729E3 /* AppDelegate.swift */,
				DAEA6868BA2472A960739434 /* AppState.swift */,
				1271E2DB2EE80149BBDE4D96 /* AppUpdater.swift */,
				172B742D7F41C4AF4C4372D6 /* OnboardingController.swift */,
				2BF3FAC982606BEFEA1A3522 /* PersonalIslandApp.swift */,
			);
			path = App;
			sourceTree = "<group>";
		};
		BAB59D3DE86F942B42006473 /* Frameworks */ = {
			isa = PBXGroup;
			children = (
				A2C10F4DE2DA0B6B1288B8B6 /* MediaRemoteAdapter.framework */,
			);
			name = Frameworks;
			sourceTree = "<group>";
		};
		BF48AC1D8AF53F2A31D91D56 /* Clipboard */ = {
			isa = PBXGroup;
			children = (
				70C805644EFFA48EDEC089A4 /* ClipboardEntry.swift */,
				3DD87634E912916C9CB302D4 /* ClipboardHistoryMonitor.swift */,
				3F9DA08E29A6C80A42A0B797 /* ClipboardHistoryStore.swift */,
				B76CC362D3C9F04E114F98A8 /* ClipboardHistoryView.swift */,
			);
			path = Clipboard;
			sourceTree = "<group>";
		};
		C3E3B3E48AC62495F6657704 /* Localization */ = {
			isa = PBXGroup;
			children = (
				8C4D77AC9E97FB79BF75E758 /* AppLanguageManager.swift */,
				4A1032DE6827B418174BED40 /* Localizable.xcstrings */,
			);
			path = Localization;
			sourceTree = "<group>";
		};
		C71D4B2DC42451A24A281F0A /* Modules */ = {
			isa = PBXGroup;
			children = (
				3074FFB0D820A6E40597E389 /* ModuleDefinition.swift */,
				5B1FD5029BB9C1CEBAA7E35E /* Agents */,
				36804868F62355F0A4B2C815 /* Attention */,
				BF48AC1D8AF53F2A31D91D56 /* Clipboard */,
				1B5630A341D06F4323CF47C0 /* NowPlaying */,
				47BA8F42C27CB5C07C57B173 /* Screenshots */,
				B190945156921902893BC825 /* Timer */,
			);
			path = Modules;
			sourceTree = "<group>";
		};
		D11BCAD5B5BF233A56996F16 /* Island */ = {
			isa = PBXGroup;
			children = (
				339B94DC8A1FDA00EC675E6E /* IslandHitTestView.swift */,
				6A4DC2BBBEDFDC10B710F8A7 /* IslandPanel.swift */,
				F8386C0FF7C82CCADE99EAE1 /* IslandRootView.swift */,
				7BB6C61BB65478DBEE84DD32 /* IslandState.swift */,
				8DF3BF2FBEBA225F8CC8BB75 /* IslandWindowController.swift */,
				F25D4683065D8AE0C258723B /* NotchGeometryProvider.swift */,
				AD49CC95E49AC39C310C4FFB /* NotchShape.swift */,
				10CDC3ED8890184772C64D57 /* NotchSpaceManager.swift */,
			);
			path = Island;
			sourceTree = "<group>";
		};
		DBB746842B4CD0E3ABE46C1D /* Utilities */ = {
			isa = PBXGroup;
			children = (
				483495BC5872E2106EEF05C9 /* DebugGeometry.swift */,
				77612D99353C8BFC948A9A89 /* Log.swift */,
				562801A55EE50D0C76365495 /* MediaTimeFormatter.swift */,
			);
			path = Utilities;
			sourceTree = "<group>";
		};
		F2216FABEE169C1605EDB7CA /* Shared */ = {
			isa = PBXGroup;
			children = (
				923EEEB32DC30ED8D6C0164E /* AppSettings.swift */,
				7390018D5C0BF8DB1A1FA9DE /* Constants.swift */,
				34F7EE31934C87937921FB29 /* Components */,
				C3E3B3E48AC62495F6657704 /* Localization */,
				DBB746842B4CD0E3ABE46C1D /* Utilities */,
			);
			path = Shared;
			sourceTree = "<group>";
		};
/* End PBXGroup section */

/* Begin PBXNativeTarget section */
		359BAB8B544067CBFB32ED93 /* PersonalIslandAgentHook */ = {
			isa = PBXNativeTarget;
			buildConfigurationList = 9078A5499AFF312A1CA32347 /* Build configuration list for PBXNativeTarget "PersonalIslandAgentHook" */;
			buildPhases = (
				9FD01805C4D1420DCF51C205 /* Sources */,
			);
			buildRules = (
			);
			dependencies = (
			);
			name = PersonalIslandAgentHook;
			packageProductDependencies = (
			);
			productName = PersonalIslandAgentHook;
			productReference = 4DF9A38AE035AB1960C84E1E /* PersonalIslandAgentHook */;
			productType = "com.apple.product-type.tool";
		};
		7ABCAF377BFDFACA33A42D01 /* PersonalIslandTests */ = {
			isa = PBXNativeTarget;
			buildConfigurationList = D068E7ECA3A83AA4B67BEC84 /* Build configuration list for PBXNativeTarget "PersonalIslandTests" */;
			buildPhases = (
				3C821414021A41EBD0D4BF33 /* Sources */,
			);
			buildRules = (
			);
			dependencies = (
				12A10B9241876DF990D23BF3 /* PBXTargetDependency */,
			);
			name = PersonalIslandTests;
			packageProductDependencies = (
			);
			productName = PersonalIslandTests;
			productReference = E8EDE8793FBC8F1E93DAF464 /* PersonalIslandTests.xctest */;
			productType = "com.apple.product-type.bundle.unit-test";
		};
		C0CB8F5F292CCF81DE483FFE /* PersonalIsland */ = {
			isa = PBXNativeTarget;
			buildConfigurationList = 1B83B8AECD276A71482D84B0 /* Build configuration list for PBXNativeTarget "PersonalIsland" */;
			buildPhases = (
				68BF90BCE997E62CFAED2DD4 /* Sources */,
				70356466BA16D8C63EBD4F1C /* Resources */,
				7716AD043B30C7B9087756EE /* Frameworks */,
				A9A67262CA21EBEC3E5DCFA3 /* Embed Frameworks */,
				9395AB116319CFD442DE2539 /* Embed agent hook helper */,
			);
			buildRules = (
			);
			dependencies = (
				C2503C997A060B5746D795C5 /* PBXTargetDependency */,
			);
			name = PersonalIsland;
			packageProductDependencies = (
				5CCBB1C76C78699C1450CFBF /* Sparkle */,
			);
			productName = PersonalIsland;
			productReference = 545010F089E91F738FA59429 /* PersonalIsland.app */;
			productType = "com.apple.product-type.application";
		};
/* End PBXNativeTarget section */

/* Begin PBXProject section */
		EB7E781DC29459EE4E78AA4C /* Project object */ = {
			isa = PBXProject;
			attributes = {
				BuildIndependentTargetsInParallel = YES;
				LastUpgradeCheck = 1430;
				TargetAttributes = {
					359BAB8B544067CBFB32ED93 = {
						DevelopmentTeam = "";
						ProvisioningStyle = Manual;
					};
					7ABCAF377BFDFACA33A42D01 = {
						DevelopmentTeam = "";
						ProvisioningStyle = Manual;
					};
					C0CB8F5F292CCF81DE483FFE = {
						DevelopmentTeam = "";
						ProvisioningStyle = Manual;
					};
				};
			};
			buildConfigurationList = E277E07938222EFCD1576718 /* Build configuration list for PBXProject "PersonalIsland" */;
			developmentRegion = en;
			hasScannedForEncodings = 0;
			knownRegions = (
				Base,
				en,
				ru,
			);
			mainGroup = 26082039F3D40EB0A31750B4;
			minimizedProjectReferenceProxies = 1;
			packageReferences = (
				6FF50C6F19DF491A4BC44CFC /* XCRemoteSwiftPackageReference "Sparkle" */,
			);
			preferredProjectObjectVersion = 77;
			productRefGroup = 1B296D2B8DC1D3D4D9247324 /* Products */;
			projectDirPath = "";
			projectRoot = "";
			targets = (
				C0CB8F5F292CCF81DE483FFE /* PersonalIsland */,
				359BAB8B544067CBFB32ED93 /* PersonalIslandAgentHook */,
				7ABCAF377BFDFACA33A42D01 /* PersonalIslandTests */,
			);
		};
/* End PBXProject section */

/* Begin PBXResourcesBuildPhase section */
		70356466BA16D8C63EBD4F1C /* Resources */ = {
			isa = PBXResourcesBuildPhase;
			buildActionMask = 2147483647;
			files = (
				376E9E6B53145975BD9E6F6F /* AppIcon.icns in Resources */,
				C37595A4B35D037313BC04EF /* Localizable.xcstrings in Resources */,
				8BE2430CB40F4193F36EA5D4 /* MediaRemoteAdapterTestClient in Resources */,
				0C8C0D77F20BFBBC20CB3E27 /* mediaremote-adapter.pl in Resources */,
			);
			runOnlyForDeploymentPostprocessing = 0;
		};
/* End PBXResourcesBuildPhase section */

/* Begin PBXShellScriptBuildPhase section */
		9395AB116319CFD442DE2539 /* Embed agent hook helper */ = {
			isa = PBXShellScriptBuildPhase;
			buildActionMask = 2147483647;
			files = (
			);
			inputFileListPaths = (
			);
			inputPaths = (
			);
			name = "Embed agent hook helper";
			outputFileListPaths = (
			);
			outputPaths = (
				"$(TARGET_BUILD_DIR)/$(EXECUTABLE_FOLDER_PATH)/personal-island-agent-hook",
			);
			runOnlyForDeploymentPostprocessing = 0;
			shellPath = /bin/sh;
			shellScript = "cp \"${BUILT_PRODUCTS_DIR}/personal-island-agent-hook\" \"${TARGET_BUILD_DIR}/${EXECUTABLE_FOLDER_PATH}/personal-island-agent-hook\"\n";
		};
/* End PBXShellScriptBuildPhase section */

/* Begin PBXSourcesBuildPhase section */
		3C821414021A41EBD0D4BF33 /* Sources */ = {
			isa = PBXSourcesBuildPhase;
			buildActionMask = 2147483647;
			files = (
				6A0BF0D95F7553D8221FC49E /* AgentActionsTests.swift in Sources */,
				B47155BF2F0404C5E1EA7C40 /* AgentBridgeTests.swift in Sources */,
				CDCB26C8BF9ACA457B1E044F /* AgentStoreTests.swift in Sources */,
				C198E3B8A0D627BFF9154B07 /* AppSettingsTests.swift in Sources */,
				2F8B72F4069FB7156E62A5B2 /* AttentionStoreTests.swift in Sources */,
				B01BA9AFAF7594259CC042C9 /* BrowserMediaTests.swift in Sources */,
				1C3376E526E1DC50D7EF67DA /* ClipboardHistoryTests.swift in Sources */,
				24723C24292B7E80C6343EBE /* CodexLocalProviderTests.swift in Sources */,
				E75A58B0C6752BFFE156D6CF /* FocusOwnershipTests.swift in Sources */,
				D9FA732160BC3258DEDD99A7 /* IslandHitTestTests.swift in Sources */,
				FFC9ABB543A1AA7DBF599966 /* IslandHoverOpenTests.swift in Sources */,
				26EDE1224356961ECA350672 /* LocalizationTests.swift in Sources */,
				9A71CBAD1ED8AEA7E3982724 /* MediaTimeFormatterTests.swift in Sources */,
				5E5C8FA5FC71ED0CA7CA1A2F /* NotchGeometryTests.swift in Sources */,
				681A51121CBA4DAEE9733F07 /* NowPlayingArbiterTests.swift in Sources */,
				7C4973BB89FBF64D79B1E787 /* NowPlayingArtworkMemoryTests.swift in Sources */,
				B141798E30315CE5C2D1EE4A /* NowPlayingMappingTests.swift in Sources */,
				7FF022C9367649A3218406AE /* ScreenshotBufferTests.swift in Sources */,
				DD07C117113BE95DE8F75457 /* ScreenshotDragPayloadBuilderTests.swift in Sources */,
				09576D6CEE3A261FA5F53754 /* SidebarHitAlignmentTests.swift in Sources */,
				760F008A49E903A2DDA48D17 /* SmokeTests.swift in Sources */,
				8F7A0568DA81B6088BA2DC11 /* SystemTimerTests.swift in Sources */,
			);
			runOnlyForDeploymentPostprocessing = 0;
		};
		68BF90BCE997E62CFAED2DD4 /* Sources */ = {
			isa = PBXSourcesBuildPhase;
			buildActionMask = 2147483647;
			files = (
				B05FD20A7F4DF40CC444721B /* AgentActionMenuButton.swift in Sources */,
				B726BCBC2DD6E59DF241D3D9 /* AgentActivityFormatter.swift in Sources */,
				AD7D6A14FC55E0EE3001E6C0 /* AgentCompactStatusView.swift in Sources */,
				8444911270C3C3417D1D8E8D /* AgentEventReceiver.swift in Sources */,
				1F332F78D9DD25F4369F80E9 /* AgentHookInstaller.swift in Sources */,
				3597872EB5A1D3188B40FF43 /* AgentMonitorView.swift in Sources */,
				FE7C1FE80AAED69FBB125C56 /* AgentNotificationManager.swift in Sources */,
				7351F338A9B62C771D6BCB6B /* AgentProviderIconResolver.swift in Sources */,
				B677D812ABC0262CECADD8D1 /* AgentSession.swift in Sources */,
				445C71534BBB7880AF2E375A /* AgentSessionActions.swift in Sources */,
				C57D79F8F37943ED9203BCE5 /* AgentStore.swift in Sources */,
				88E12364F31BD46773664C6C /* AgentWire.swift in Sources */,
				DA857F9519A975F4AEA16D60 /* AgentsModuleController.swift in Sources */,
				BE324519F16A547E103ED525 /* AppDelegate.swift in Sources */,
				4915C9EDD4B67E16FE958504 /* AppLanguageManager.swift in Sources */,
				D8B0CB68656C3D65621C8A15 /* AppSettings.swift in Sources */,
				9490A84D346B4CCD916B9DE3 /* AppState.swift in Sources */,
				998C708CE6E33B4A8503375E /* AppUpdater.swift in Sources */,
				87BE911FB1198EACE6D34C20 /* ArcBrowserNowPlayingProvider.swift in Sources */,
				7FCD58A07D27E11FE37DFAE3 /* AttentionCenterView.swift in Sources */,
				C1CED32DBFC47AC551AAB708 /* AttentionModel.swift in Sources */,
				99CEB3E15B4710AD2E5DD0B9 /* AttentionPersistence.swift in Sources */,
				C3A7A5F2403A769D78FF319C /* AttentionStore.swift in Sources */,
				46AA34DD9E55D32B47027ED8 /* BrowserMediaState.swift in Sources */,
				1DE775471D061D7CD0F7515C /* ClipboardEntry.swift in Sources */,
				54A421AC32E2FE8D58881E49 /* ClipboardHistoryMonitor.swift in Sources */,
				5489C2D92A773FBE7787F46B /* ClipboardHistoryStore.swift in Sources */,
				595F3C749274DCC8176CAD10 /* ClipboardHistoryView.swift in Sources */,
				398CE6C32A437CF53B4B55D2 /* ClipboardImageMonitor.swift in Sources */,
				4BBA055BE3A949DA7BD3FE32 /* CodexLocalSessionProvider.swift in Sources */,
				36B196090BED1C36652F0050 /* Constants.swift in Sources */,
				DCEB3E610B45D4D29A5DDD6E /* DebugGeometry.swift in Sources */,
				996D738C3FAD9C8E71176FDA /* IslandContainer.swift in Sources */,
				EA6E8559917CC4AF05DA80D3 /* IslandHitTestView.swift in Sources */,
				9E34FB3281FDA8ECF6368389 /* IslandPanel.swift in Sources */,
				98971FC055A47CF45581F6CF /* IslandRootView.swift in Sources */,
				5C4AE2A242D7F8BE5C3AEDFD /* IslandSidebar.swift in Sources */,
				2E7B0C54BF5ACDB60271EA3C /* IslandState.swift in Sources */,
				C4F957A017F5826054209763 /* IslandWindowController.swift in Sources */,
				FBFDFB0E6E7EF21EC846CD89 /* Log.swift in Sources */,
				C2943A226784AC635F893D0D /* MediaRemoteAdapterProvider.swift in Sources */,
				1116A4CBE0683E1F3EDE3781 /* MediaTimeFormatter.swift in Sources */,
				6DFA285164C77AFA5E5D76FA /* ModuleButton.swift in Sources */,
				E5DD227F5264A016410F64AA /* ModuleDefinition.swift in Sources */,
				4964A8E0B7BFCD2A5AC90235 /* NotchGeometryProvider.swift in Sources */,
				63BF9BB32D6FB824059AC12D /* NotchShape.swift in Sources */,
				A7A4F47A4B7CE54A797F7BC6 /* NotchSpaceManager.swift in Sources */,
				273C56A2C565E04B298AEAF6 /* NowPlayingArbiter.swift in Sources */,
				4ADED0EFDCE2060BF448B6D9 /* NowPlayingArtworkMemory.swift in Sources */,
				D8A35774EC48AE27A5160066 /* NowPlayingCompactView.swift in Sources */,
				6847C748F8A39C8C78B02BAA /* NowPlayingCoordinator.swift in Sources */,
				DFD3C7D0A43978820CF80C8D /* NowPlayingProvider.swift in Sources */,
				5824326107A94EA6F1C4ADD9 /* NowPlayingState.swift in Sources */,
				DC660EC0277C0061093ED978 /* NowPlayingView.swift in Sources */,
				AD2C14F2CB9FCFAACC5AEC25 /* NowPlayingViewModel.swift in Sources */,
				BBF78A29902FF989642B811E /* OnboardingController.swift in Sources */,
				716CE89C9FCA395818B8C9B0 /* PersonalIslandApp.swift in Sources */,
				2BEACFFB791321359981444E /* ScreenshotBuffer.swift in Sources */,
				DB1ABD8D66E79C436F0EC793 /* ScreenshotBufferView.swift in Sources */,
				8DD0A5D3107A2EBBDF81023C /* ScreenshotBufferViewModel.swift in Sources */,
				E07BAADB7A6019CD3ED1F277 /* ScreenshotCard.swift in Sources */,
				BBB2F295D966019B7086231F /* ScreenshotCardInteraction.swift in Sources */,
				5E9C529D0B78DCB8580CE4CA /* ScreenshotDirectoryMonitor.swift in Sources */,
				C333C3EB304B4119E1B1D840 /* ScreenshotDragPayloadBuilder.swift in Sources */,
				3AABDE13A2CF2CD1AC848FF5 /* ScreenshotItem.swift in Sources */,
				DB8C09366FC0B9FEDB769041 /* ScreenshotThumbnailService.swift in Sources */,
				0048F8CAF3282E266F1DCFD6 /* ScriptingPlayerProvider.swift in Sources */,
				37EFBD290C0459F5C59D149C /* SystemTimerController.swift in Sources */,
				B1B6E581859540B8A8C3F180 /* SystemTimerModel.swift in Sources */,
				49FEBED882A69B7B936F2E2B /* TimerChipView.swift in Sources */,
			);
			runOnlyForDeploymentPostprocessing = 0;
		};
		9FD01805C4D1420DCF51C205 /* Sources */ = {
			isa = PBXSourcesBuildPhase;
			buildActionMask = 2147483647;
			files = (
				93B8D644A02C3891A8CA9A08 /* AgentWire.swift in Sources */,
				553579DD139F755BA0AF87BD /* main.swift in Sources */,
			);
			runOnlyForDeploymentPostprocessing = 0;
		};
/* End PBXSourcesBuildPhase section */

/* Begin PBXTargetDependency section */
		12A10B9241876DF990D23BF3 /* PBXTargetDependency */ = {
			isa = PBXTargetDependency;
			target = C0CB8F5F292CCF81DE483FFE /* PersonalIsland */;
			targetProxy = A462AC49CB137DE5647AA46B /* PBXContainerItemProxy */;
		};
		C2503C997A060B5746D795C5 /* PBXTargetDependency */ = {
			isa = PBXTargetDependency;
			target = 359BAB8B544067CBFB32ED93 /* PersonalIslandAgentHook */;
			targetProxy = 3F7188B3219A94629AE137C3 /* PBXContainerItemProxy */;
		};
/* End PBXTargetDependency section */

/* Begin XCBuildConfiguration section */
		0DB69FEAD7259D177C169DBC /* Debug */ = {
			isa = XCBuildConfiguration;
			buildSettings = {
				ASSETCATALOG_COMPILER_APPICON_NAME = AppIcon;
				COMBINE_HIDPI_IMAGES = YES;
				CURRENT_PROJECT_VERSION = 2;
				ENABLE_HARDENED_RUNTIME = NO;
				FRAMEWORK_SEARCH_PATHS = (
					"$(inherited)",
					"\"Vendor/MediaRemoteAdapter\"",
				);
				INFOPLIST_FILE = Support/Info.plist;
				LD_RUNPATH_SEARCH_PATHS = (
					"$(inherited)",
					"@executable_path/../Frameworks",
				);
				MACOSX_DEPLOYMENT_TARGET = 15.0;
				MARKETING_VERSION = 1.1.0;
				PRODUCT_BUNDLE_IDENTIFIER = com.lincode.PersonalIsland;
				PRODUCT_NAME = PersonalIsland;
				SDKROOT = macosx;
			};
			name = Debug;
		};
		1F1F6B9C46A9E24D4BDEE1E6 /* Release */ = {
			isa = XCBuildConfiguration;
			buildSettings = {
				ASSETCATALOG_COMPILER_APPICON_NAME = AppIcon;
				COMBINE_HIDPI_IMAGES = YES;
				CURRENT_PROJECT_VERSION = 2;
				ENABLE_HARDENED_RUNTIME = NO;
				FRAMEWORK_SEARCH_PATHS = (
					"$(inherited)",
					"\"Vendor/MediaRemoteAdapter\"",
				);
				INFOPLIST_FILE = Support/Info.plist;
				LD_RUNPATH_SEARCH_PATHS = (
					"$(inherited)",
					"@executable_path/../Frameworks",
				);
				MACOSX_DEPLOYMENT_TARGET = 15.0;
				MARKETING_VERSION = 1.1.0;
				PRODUCT_BUNDLE_IDENTIFIER = com.lincode.PersonalIsland;
				PRODUCT_NAME = PersonalIsland;
				SDKROOT = macosx;
			};
			name = Release;
		};
		3358252D2920A2E0FC6C53A7 /* Debug */ = {
			isa = XCBuildConfiguration;
			buildSettings = {
				COMBINE_HIDPI_IMAGES = YES;
				LD_RUNPATH_SEARCH_PATHS = (
					"$(inherited)",
					"@executable_path/../Frameworks",
				);
				MACOSX_DEPLOYMENT_TARGET = 15.0;
				PRODUCT_NAME = "personal-island-agent-hook";
				SDKROOT = macosx;
				SWIFT_VERSION = 5.0;
			};
			name = Debug;
		};
		73B407B74BCCA50C2D95F765 /* Release */ = {
			isa = XCBuildConfiguration;
			buildSettings = {
				ALWAYS_SEARCH_USER_PATHS = NO;
				CLANG_ANALYZER_NONNULL = YES;
				CLANG_ANALYZER_NUMBER_OBJECT_CONVERSION = YES_AGGRESSIVE;
				CLANG_CXX_LANGUAGE_STANDARD = "gnu++14";
				CLANG_CXX_LIBRARY = "libc++";
				CLANG_ENABLE_MODULES = YES;
				CLANG_ENABLE_OBJC_ARC = YES;
				CLANG_ENABLE_OBJC_WEAK = YES;
				CLANG_WARN_BLOCK_CAPTURE_AUTORELEASING = YES;
				CLANG_WARN_BOOL_CONVERSION = YES;
				CLANG_WARN_COMMA = YES;
				CLANG_WARN_CONSTANT_CONVERSION = YES;
				CLANG_WARN_DEPRECATED_OBJC_IMPLEMENTATIONS = YES;
				CLANG_WARN_DIRECT_OBJC_ISA_USAGE = YES_ERROR;
				CLANG_WARN_DOCUMENTATION_COMMENTS = YES;
				CLANG_WARN_EMPTY_BODY = YES;
				CLANG_WARN_ENUM_CONVERSION = YES;
				CLANG_WARN_INFINITE_RECURSION = YES;
				CLANG_WARN_INT_CONVERSION = YES;
				CLANG_WARN_NON_LITERAL_NULL_CONVERSION = YES;
				CLANG_WARN_OBJC_IMPLICIT_RETAIN_SELF = YES;
				CLANG_WARN_OBJC_LITERAL_CONVERSION = YES;
				CLANG_WARN_OBJC_ROOT_CLASS = YES_ERROR;
				CLANG_WARN_QUOTED_INCLUDE_IN_FRAMEWORK_HEADER = YES;
				CLANG_WARN_RANGE_LOOP_ANALYSIS = YES;
				CLANG_WARN_STRICT_PROTOTYPES = YES;
				CLANG_WARN_SUSPICIOUS_MOVE = YES;
				CLANG_WARN_UNGUARDED_AVAILABILITY = YES_AGGRESSIVE;
				CLANG_WARN_UNREACHABLE_CODE = YES;
				CLANG_WARN__DUPLICATE_METHOD_MATCH = YES;
				CODE_SIGN_IDENTITY = "-";
				CODE_SIGN_STYLE = Manual;
				COPY_PHASE_STRIP = NO;
				DEBUG_INFORMATION_FORMAT = "dwarf-with-dsym";
				DEVELOPMENT_TEAM = "";
				ENABLE_NS_ASSERTIONS = NO;
				ENABLE_STRICT_OBJC_MSGSEND = YES;
				GCC_C_LANGUAGE_STANDARD = gnu11;
				GCC_NO_COMMON_BLOCKS = YES;
				GCC_WARN_64_TO_32_BIT_CONVERSION = YES;
				GCC_WARN_ABOUT_RETURN_TYPE = YES_ERROR;
				GCC_WARN_UNDECLARED_SELECTOR = YES;
				GCC_WARN_UNINITIALIZED_AUTOS = YES_AGGRESSIVE;
				GCC_WARN_UNUSED_FUNCTION = YES;
				GCC_WARN_UNUSED_VARIABLE = YES;
				MACOSX_DEPLOYMENT_TARGET = 15.0;
				MTL_ENABLE_DEBUG_INFO = NO;
				MTL_FAST_MATH = YES;
				PRODUCT_NAME = "$(TARGET_NAME)";
				SDKROOT = macosx;
				SWIFT_COMPILATION_MODE = wholemodule;
				SWIFT_OPTIMIZATION_LEVEL = "-O";
				SWIFT_VERSION = 5.0;
			};
			name = Release;
		};
		88894F660F7943A85A00BB8C /* Release */ = {
			isa = XCBuildConfiguration;
			buildSettings = {
				COMBINE_HIDPI_IMAGES = YES;
				LD_RUNPATH_SEARCH_PATHS = (
					"$(inherited)",
					"@executable_path/../Frameworks",
				);
				MACOSX_DEPLOYMENT_TARGET = 15.0;
				PRODUCT_NAME = "personal-island-agent-hook";
				SDKROOT = macosx;
				SWIFT_VERSION = 5.0;
			};
			name = Release;
		};
		B239317A50C52DB36C3E0B66 /* Debug */ = {
			isa = XCBuildConfiguration;
			buildSettings = {
				BUNDLE_LOADER = "$(TEST_HOST)";
				COMBINE_HIDPI_IMAGES = YES;
				GENERATE_INFOPLIST_FILE = YES;
				LD_RUNPATH_SEARCH_PATHS = (
					"$(inherited)",
					"@executable_path/../Frameworks",
					"@loader_path/../Frameworks",
				);
				MACOSX_DEPLOYMENT_TARGET = 15.0;
				PRODUCT_BUNDLE_IDENTIFIER = com.lincode.PersonalIslandTests;
				SDKROOT = macosx;
				TEST_HOST = "$(BUILT_PRODUCTS_DIR)/PersonalIsland.app/Contents/MacOS/PersonalIsland";
			};
			name = Debug;
		};
		ED3E40FBC21F87E7350DF014 /* Release */ = {
			isa = XCBuildConfiguration;
			buildSettings = {
				BUNDLE_LOADER = "$(TEST_HOST)";
				COMBINE_HIDPI_IMAGES = YES;
				GENERATE_INFOPLIST_FILE = YES;
				LD_RUNPATH_SEARCH_PATHS = (
					"$(inherited)",
					"@executable_path/../Frameworks",
					"@loader_path/../Frameworks",
				);
				MACOSX_DEPLOYMENT_TARGET = 15.0;
				PRODUCT_BUNDLE_IDENTIFIER = com.lincode.PersonalIslandTests;
				SDKROOT = macosx;
				TEST_HOST = "$(BUILT_PRODUCTS_DIR)/PersonalIsland.app/Contents/MacOS/PersonalIsland";
			};
			name = Release;
		};
		FFADA6F9216EFDB0071F4E4D /* Debug */ = {
			isa = XCBuildConfiguration;
			buildSettings = {
				ALWAYS_SEARCH_USER_PATHS = NO;
				CLANG_ANALYZER_NONNULL = YES;
				CLANG_ANALYZER_NUMBER_OBJECT_CONVERSION = YES_AGGRESSIVE;
				CLANG_CXX_LANGUAGE_STANDARD = "gnu++14";
				CLANG_CXX_LIBRARY = "libc++";
				CLANG_ENABLE_MODULES = YES;
				CLANG_ENABLE_OBJC_ARC = YES;
				CLANG_ENABLE_OBJC_WEAK = YES;
				CLANG_WARN_BLOCK_CAPTURE_AUTORELEASING = YES;
				CLANG_WARN_BOOL_CONVERSION = YES;
				CLANG_WARN_COMMA = YES;
				CLANG_WARN_CONSTANT_CONVERSION = YES;
				CLANG_WARN_DEPRECATED_OBJC_IMPLEMENTATIONS = YES;
				CLANG_WARN_DIRECT_OBJC_ISA_USAGE = YES_ERROR;
				CLANG_WARN_DOCUMENTATION_COMMENTS = YES;
				CLANG_WARN_EMPTY_BODY = YES;
				CLANG_WARN_ENUM_CONVERSION = YES;
				CLANG_WARN_INFINITE_RECURSION = YES;
				CLANG_WARN_INT_CONVERSION = YES;
				CLANG_WARN_NON_LITERAL_NULL_CONVERSION = YES;
				CLANG_WARN_OBJC_IMPLICIT_RETAIN_SELF = YES;
				CLANG_WARN_OBJC_LITERAL_CONVERSION = YES;
				CLANG_WARN_OBJC_ROOT_CLASS = YES_ERROR;
				CLANG_WARN_QUOTED_INCLUDE_IN_FRAMEWORK_HEADER = YES;
				CLANG_WARN_RANGE_LOOP_ANALYSIS = YES;
				CLANG_WARN_STRICT_PROTOTYPES = YES;
				CLANG_WARN_SUSPICIOUS_MOVE = YES;
				CLANG_WARN_UNGUARDED_AVAILABILITY = YES_AGGRESSIVE;
				CLANG_WARN_UNREACHABLE_CODE = YES;
				CLANG_WARN__DUPLICATE_METHOD_MATCH = YES;
				CODE_SIGN_IDENTITY = "-";
				CODE_SIGN_STYLE = Manual;
				COPY_PHASE_STRIP = NO;
				DEBUG_INFORMATION_FORMAT = dwarf;
				DEVELOPMENT_TEAM = "";
				ENABLE_STRICT_OBJC_MSGSEND = YES;
				ENABLE_TESTABILITY = YES;
				GCC_C_LANGUAGE_STANDARD = gnu11;
				GCC_DYNAMIC_NO_PIC = NO;
				GCC_NO_COMMON_BLOCKS = YES;
				GCC_OPTIMIZATION_LEVEL = 0;
				GCC_PREPROCESSOR_DEFINITIONS = (
					"$(inherited)",
					"DEBUG=1",
				);
				GCC_WARN_64_TO_32_BIT_CONVERSION = YES;
				GCC_WARN_ABOUT_RETURN_TYPE = YES_ERROR;
				GCC_WARN_UNDECLARED_SELECTOR = YES;
				GCC_WARN_UNINITIALIZED_AUTOS = YES_AGGRESSIVE;
				GCC_WARN_UNUSED_FUNCTION = YES;
				GCC_WARN_UNUSED_VARIABLE = YES;
				MACOSX_DEPLOYMENT_TARGET = 15.0;
				MTL_ENABLE_DEBUG_INFO = INCLUDE_SOURCE;
				MTL_FAST_MATH = YES;
				ONLY_ACTIVE_ARCH = YES;
				PRODUCT_NAME = "$(TARGET_NAME)";
				SDKROOT = macosx;
				SWIFT_ACTIVE_COMPILATION_CONDITIONS = DEBUG;
				SWIFT_OPTIMIZATION_LEVEL = "-Onone";
				SWIFT_VERSION = 5.0;
			};
			name = Debug;
		};
/* End XCBuildConfiguration section */

/* Begin XCConfigurationList section */
		1B83B8AECD276A71482D84B0 /* Build configuration list for PBXNativeTarget "PersonalIsland" */ = {
			isa = XCConfigurationList;
			buildConfigurations = (
				0DB69FEAD7259D177C169DBC /* Debug */,
				1F1F6B9C46A9E24D4BDEE1E6 /* Release */,
			);
			defaultConfigurationIsVisible = 0;
			defaultConfigurationName = Debug;
		};
		9078A5499AFF312A1CA32347 /* Build configuration list for PBXNativeTarget "PersonalIslandAgentHook" */ = {
			isa = XCConfigurationList;
			buildConfigurations = (
				3358252D2920A2E0FC6C53A7 /* Debug */,
				88894F660F7943A85A00BB8C /* Release */,
			);
			defaultConfigurationIsVisible = 0;
			defaultConfigurationName = Debug;
		};
		D068E7ECA3A83AA4B67BEC84 /* Build configuration list for PBXNativeTarget "PersonalIslandTests" */ = {
			isa = XCConfigurationList;
			buildConfigurations = (
				B239317A50C52DB36C3E0B66 /* Debug */,
				ED3E40FBC21F87E7350DF014 /* Release */,
			);
			defaultConfigurationIsVisible = 0;
			defaultConfigurationName = Debug;
		};
		E277E07938222EFCD1576718 /* Build configuration list for PBXProject "PersonalIsland" */ = {
			isa = XCConfigurationList;
			buildConfigurations = (
				FFADA6F9216EFDB0071F4E4D /* Debug */,
				73B407B74BCCA50C2D95F765 /* Release */,
			);
			defaultConfigurationIsVisible = 0;
			defaultConfigurationName = Debug;
		};
/* End XCConfigurationList section */

/* Begin XCRemoteSwiftPackageReference section */
		6FF50C6F19DF491A4BC44CFC /* XCRemoteSwiftPackageReference "Sparkle" */ = {
			isa = XCRemoteSwiftPackageReference;
			repositoryURL = "https://github.com/sparkle-project/Sparkle";
			requirement = {
				kind = upToNextMajorVersion;
				minimumVersion = 2.6.0;
			};
		};
/* End XCRemoteSwiftPackageReference section */

/* Begin XCSwiftPackageProductDependency section */
		5CCBB1C76C78699C1450CFBF /* Sparkle */ = {
			isa = XCSwiftPackageProductDependency;
			package = 6FF50C6F19DF491A4BC44CFC /* XCRemoteSwiftPackageReference "Sparkle" */;
			productName = Sparkle;
		};
/* End XCSwiftPackageProductDependency section */
	};
	rootObject = EB7E781DC29459EE4E78AA4C /* Project object */;
}
